{
	"name": "ux-framework-dependencies",
	"version": "3.0.0",
	"lockfileVersion": 1,
	"requires": true,
	"dependencies": {
		"@babel/polyfill": {
			"version": "7.4.4",
			"resolved": "https://registry.npmjs.org/@babel/polyfill/-/polyfill-7.4.4.tgz",
			"integrity": "sha512-WlthFLfhQQhh+A2Gn5NSFl0Huxz36x86Jn+E9OW7ibK8edKPq+KLy4apM1yDpQ8kJOVi1OVjpP4vSDLdrI04dg==",
			"requires": {
				"core-js": "^2.6.5",
				"regenerator-runtime": "^0.13.2"
			}
		},
		"@interactjs/actions": {
			"version": "1.4.11",
			"resolved": "https://registry.npmjs.org/@interactjs/actions/-/actions-1.4.11.tgz",
			"integrity": "sha512-hEhzsZ6GnwkomZIoYou/wHCJQthxGe+VXgG3o1b8tq01XL8P30ska1kqffraoKFfNPtdwEwD9Vf3dmiLkvci5g=="
		},
		"@interactjs/auto-scroll": {
			"version": "1.4.11",
			"resolved": "https://registry.npmjs.org/@interactjs/auto-scroll/-/auto-scroll-1.4.11.tgz",
			"integrity": "sha512-gNQhb5p2QKQNJFiOoJDfvSPS24gX0LD/wMXi8GOPFSjOyuCewFBaALXBJsTIr20G8bHhfcIQvJsxGDB4UFU9CA=="
		},
		"@interactjs/auto-start": {
			"version": "1.4.11",
			"resolved": "https://registry.npmjs.org/@interactjs/auto-start/-/auto-start-1.4.11.tgz",
			"integrity": "sha512-oQepJvfd971dNq6jcRDXSawUK3OOrZIdHSvRJ8maggGOjgS05rcynbv7diZpZooxaTD65MzUPfOsEzvtX6m+0Q=="
		},
		"@interactjs/core": {
			"version": "1.4.11",
			"resolved": "https://registry.npmjs.org/@interactjs/core/-/core-1.4.11.tgz",
			"integrity": "sha512-yL5cnL/tqvkrK7zlr8JbYZocBhItN8r7s+Si6pTjA1H8mRBBanWfQqEY0Ehu98clwfZB+oN+wXfFJT7aQPlQ4A=="
		},
		"@interactjs/dev-tools": {
			"version": "1.4.11",
			"resolved": "https://registry.npmjs.org/@interactjs/dev-tools/-/dev-tools-1.4.11.tgz",
			"integrity": "sha512-Hqof+AbXJytROd1lZp7hTeBDswXQfBIvxDUs31i1Ld19MZirhd2dZ/gU2c/blxSQ23hwFazurEz0cR7Izdcopw==",
			"requires": {
				"@interactjs/utils": "1.4.11"
			}
		},
		"@interactjs/inertia": {
			"version": "1.4.11",
			"resolved": "https://registry.npmjs.org/@interactjs/inertia/-/inertia-1.4.11.tgz",
			"integrity": "sha512-4xVErNzticL5Ffzf9z1QDJzavA/daCRxekt8VNMW1BYJao2pZSadPwdBxBB1xdiPyTjC3ODx8x9C8NR0szhJsQ=="
		},
		"@interactjs/interact": {
			"version": "1.4.11",
			"resolved": "https://registry.npmjs.org/@interactjs/interact/-/interact-1.4.11.tgz",
			"integrity": "sha512-SAosVkCc5vw/norfmsAp8ljUcSPRInbFWWQalkE1tnenff8EAkAFsSCmOtOXy/UzBv1D/SqRVCelUhT/K/+dZg=="
		},
		"@interactjs/modifiers": {
			"version": "1.4.11",
			"resolved": "https://registry.npmjs.org/@interactjs/modifiers/-/modifiers-1.4.11.tgz",
			"integrity": "sha512-cgEKGp6SYMK6oGUc/kB9gZOoCO5XLladGHNIp09a2tobAkT/Xf67ugU3luvs6EpLr4ZQBUidKfZLLkc01fKpEA=="
		},
		"@interactjs/pointer-events": {
			"version": "1.4.11",
			"resolved": "https://registry.npmjs.org/@interactjs/pointer-events/-/pointer-events-1.4.11.tgz",
			"integrity": "sha512-JySp4xLc9Orkq4qZq3cFjMKeDEnHVCogjvY5IL65Fuknkvo6Q8XDuTcH3M57ARKAhLaAKwHzaPWpca2PKxZVcQ=="
		},
		"@interactjs/reflow": {
			"version": "1.4.11",
			"resolved": "https://registry.npmjs.org/@interactjs/reflow/-/reflow-1.4.11.tgz",
			"integrity": "sha512-PCJwLFlGzeKoUNqdnxib5O3EiyXUPfTe6oc5VNTK2p4SL4auYUb4ZMl5Kmw34MYGZdW54WQhU2uo8gkVxCJ7VA=="
		},
		"@interactjs/types": {
			"version": "1.4.11",
			"resolved": "https://registry.npmjs.org/@interactjs/types/-/types-1.4.11.tgz",
			"integrity": "sha512-E4dU1qIwaerILUHwf9F5LvyemfFjW9tySOlz8u7DjnMIuTlSZHZUeydrGlKRh/JJEspUZ9p9XihIrNMlRahzXg==",
			"requires": {
				"@interactjs/actions": "1.4.11",
				"@interactjs/auto-scroll": "1.4.11",
				"@interactjs/auto-start": "1.4.11",
				"@interactjs/core": "1.4.11",
				"@interactjs/dev-tools": "1.4.11",
				"@interactjs/inertia": "1.4.11",
				"@interactjs/interact": "1.4.11",
				"@interactjs/modifiers": "1.4.11",
				"@interactjs/pointer-events": "1.4.11",
				"@interactjs/reflow": "1.4.11",
				"@interactjs/utils": "1.4.11"
			}
		},
		"@interactjs/utils": {
			"version": "1.4.11",
			"resolved": "https://registry.npmjs.org/@interactjs/utils/-/utils-1.4.11.tgz",
			"integrity": "sha512-LgAONcH9zcyZzp3ff2l9pNgLYRaihPZT9zOv165LHkbyoG9DUQEggKJqgZka0FhHvKC8EDFbkigZE7hvfKIoCA=="
		},
		"@polymer/app-layout": {
			"version": "3.0.2",
			"resolved": "https://registry.npmjs.org/@polymer/app-layout/-/app-layout-3.0.2.tgz",
			"integrity": "sha512-qKcQHj72uGxGoetjnNQ7pg4F6Da4U5jKBzZy0VRmDuZMUPDmtIqHaIgC5K6B4y+xUag0gkV9ce72Q3hNaK9y+g==",
			"requires": {
				"@polymer/iron-flex-layout": "^3.0.0-pre.26",
				"@polymer/iron-media-query": "^3.0.0-pre.26",
				"@polymer/iron-resizable-behavior": "^3.0.0-pre.26",
				"@polymer/iron-scroll-target-behavior": "^3.0.0-pre.26",
				"@polymer/polymer": "^3.0.0"
			}
		},
		"@polymer/esm-amd-loader": {
			"version": "1.0.4",
			"resolved": "https://registry.npmjs.org/@polymer/esm-amd-loader/-/esm-amd-loader-1.0.4.tgz",
			"integrity": "sha512-h+hqYkL+tQV/y2ESD5gFXMl5z4cC+XY1jTlBeGSBaTcj3VbB5OBEScbvRXm63NcEbBneQQYbHfBAXAkF9i9wIA=="
		},
		"@polymer/font-roboto": {
			"version": "3.0.2",
			"resolved": "https://registry.npmjs.org/@polymer/font-roboto/-/font-roboto-3.0.2.tgz",
			"integrity": "sha512-tx5TauYSmzsIvmSqepUPDYbs4/Ejz2XbZ1IkD7JEGqkdNUJlh+9KU85G56Tfdk/xjEZ8zorFfN09OSwiMrIQWA=="
		},
		"@polymer/iron-a11y-announcer": {
			"version": "3.0.2",
			"resolved": "https://registry.npmjs.org/@polymer/iron-a11y-announcer/-/iron-a11y-announcer-3.0.2.tgz",
			"integrity": "sha512-LqnMF39mXyxSSRbTHRzGbcJS8nU0NVTo2raBOgOlpxw5yfGJUVcwaTJ/qy5NtWCZLRfa4suycf0oAkuUjHTXHQ==",
			"requires": {
				"@polymer/polymer": "^3.0.0"
			}
		},
		"@polymer/iron-a11y-keys": {
			"version": "3.0.1",
			"resolved": "https://registry.npmjs.org/@polymer/iron-a11y-keys/-/iron-a11y-keys-3.0.1.tgz",
			"integrity": "sha512-zmTi8xHeY4ZMJLAitW2hAmW5zXZ35hVy/eHQUFadAlOccuBK3oRRmoPRQRaZgpyJrCVFDAQRXXzzJtUDil/0CA==",
			"requires": {
				"@polymer/iron-a11y-keys-behavior": "^3.0.0-pre.26",
				"@polymer/polymer": "^3.0.0"
			}
		},
		"@polymer/iron-a11y-keys-behavior": {
			"version": "3.0.1",
			"resolved": "https://registry.npmjs.org/@polymer/iron-a11y-keys-behavior/-/iron-a11y-keys-behavior-3.0.1.tgz",
			"integrity": "sha512-lnrjKq3ysbBPT/74l0Fj0U9H9C35Tpw2C/tpJ8a+5g8Y3YJs1WSZYnEl1yOkw6sEyaxOq/1DkzH0+60gGu5/PQ==",
			"requires": {
				"@polymer/polymer": "^3.0.0"
			}
		},
		"@polymer/iron-ajax": {
			"version": "3.0.1",
			"resolved": "https://registry.npmjs.org/@polymer/iron-ajax/-/iron-ajax-3.0.1.tgz",
			"integrity": "sha512-7+TPEAfWsRdhj1Y8UeF1759ktpVu+c3sG16rJiUC3wF9+woQ9xI1zUm2d59i7Yc3aDEJrR/Q8Y262KlOvyGVNg==",
			"requires": {
				"@polymer/polymer": "^3.0.0"
			}
		},
		"@polymer/iron-autogrow-textarea": {
			"version": "3.0.1",
			"resolved": "https://registry.npmjs.org/@polymer/iron-autogrow-textarea/-/iron-autogrow-textarea-3.0.1.tgz",
			"integrity": "sha512-FgSL7APrOSL9Vu812sBCFlQ17hvnJsBAV2C2e1UAiaHhB+dyfLq8gGdGUpqVWuGJ50q4Y/49QwCNnLf85AdVYA==",
			"requires": {
				"@polymer/iron-behaviors": "^3.0.0-pre.26",
				"@polymer/iron-flex-layout": "^3.0.0-pre.26",
				"@polymer/iron-validatable-behavior": "^3.0.0-pre.26",
				"@polymer/polymer": "^3.0.0"
			}
		},
		"@polymer/iron-behaviors": {
			"version": "3.0.1",
			"resolved": "https://registry.npmjs.org/@polymer/iron-behaviors/-/iron-behaviors-3.0.1.tgz",
			"integrity": "sha512-IMEwcv1lhf1HSQxuyWOUIL0lOBwmeaoSTpgCJeP9IBYnuB1SPQngmfRuHKgK6/m9LQ9F9miC7p3HeQQUdKAE0w==",
			"requires": {
				"@polymer/iron-a11y-keys-behavior": "^3.0.0-pre.26",
				"@polymer/polymer": "^3.0.0"
			}
		},
		"@polymer/iron-checked-element-behavior": {
			"version": "3.0.1",
			"resolved": "https://registry.npmjs.org/@polymer/iron-checked-element-behavior/-/iron-checked-element-behavior-3.0.1.tgz",
			"integrity": "sha512-aDr0cbCNVq49q+pOqa6CZutFh+wWpwPMLpEth9swx+GkAj+gCURhuQkaUYhIo5f2egDbEioR1aeHMnPlU9dQZA==",
			"requires": {
				"@polymer/iron-form-element-behavior": "^3.0.0-pre.26",
				"@polymer/iron-validatable-behavior": "^3.0.0-pre.26",
				"@polymer/polymer": "^3.0.0"
			}
		},
		"@polymer/iron-collapse": {
			"version": "3.0.1",
			"resolved": "https://registry.npmjs.org/@polymer/iron-collapse/-/iron-collapse-3.0.1.tgz",
			"integrity": "sha512-yg6q5ZyckQR9VL9VmLrSTkSFXWy9AcJC8KtnD5cg0EHRPbakE8I9S/gVAgeP4nMWV2a/BjLLC4IBygcCMDhAGw==",
			"requires": {
				"@polymer/iron-resizable-behavior": "^3.0.0-pre.26",
				"@polymer/polymer": "^3.0.0"
			}
		},
		"@polymer/iron-component-page": {
			"version": "4.0.1",
			"resolved": "https://registry.npmjs.org/@polymer/iron-component-page/-/iron-component-page-4.0.1.tgz",
			"integrity": "sha512-4ZLhMjCYPA/hTghv03tR283uJFCif+3xiayYJzoTjTLZgJ6hS5ApU/JijmE3yQDaLJ0ZsfciA0Xt73cmd5cwvQ==",
			"requires": {
				"@polymer/app-layout": "^3.0.0-pre.26",
				"@polymer/iron-ajax": "^3.0.0-pre.26",
				"@polymer/iron-doc-viewer": "^4.0.0-pre.4",
				"@polymer/iron-icons": "^3.0.0-pre.26",
				"@polymer/paper-icon-button": "^3.0.0-pre.26",
				"@polymer/paper-styles": "^3.0.0-pre.26",
				"@polymer/paper-toast": "^3.0.0-pre.26",
				"@polymer/polymer": "^3.0.0"
			}
		},
		"@polymer/iron-demo-helpers": {
			"version": "3.1.0",
			"resolved": "https://registry.npmjs.org/@polymer/iron-demo-helpers/-/iron-demo-helpers-3.1.0.tgz",
			"integrity": "sha512-C+U9ghRnjluJNLIga7r30YGNuQeCu7E7mOOcjgWOL/bMfWvrnbr2TcYoO4DXHO6NdUfV6daGtRA1VwG3d8H39g==",
			"requires": {
				"@polymer/font-roboto": "^3.0.0-pre.25",
				"@polymer/iron-flex-layout": "^3.0.0-pre.25",
				"@polymer/iron-location": "^3.0.0-pre.25",
				"@polymer/marked-element": "^3.0.0-pre.25",
				"@polymer/polymer": "^3.0.0",
				"@polymer/prism-element": "^3.0.0-pre.25"
			}
		},
		"@polymer/iron-doc-viewer": {
			"version": "4.0.1",
			"resolved": "https://registry.npmjs.org/@polymer/iron-doc-viewer/-/iron-doc-viewer-4.0.1.tgz",
			"integrity": "sha512-3tyJwSxvHxPuwvxE1FILNHqBPFytoZlp3tQ5iGu4iFE2uoLE1RoENU7SG6K98K5BFq8unfCrMS5GjzVGt+nW/Q==",
			"requires": {
				"@polymer/iron-location": "^3.0.0-pre.26",
				"@polymer/marked-element": "^3.0.0-pre.26",
				"@polymer/paper-styles": "^3.0.0-pre.26",
				"@polymer/polymer": "^3.0.0",
				"@polymer/prism-element": "^3.0.0-pre.26"
			}
		},
		"@polymer/iron-dropdown": {
			"version": "3.0.1",
			"resolved": "https://registry.npmjs.org/@polymer/iron-dropdown/-/iron-dropdown-3.0.1.tgz",
			"integrity": "sha512-22yLhepfcKjuQMfFmRHi/9MPKTqkzgRrmWWW0P5uqK++xle53k2QBO5VYUAYiCN3ZcxIi9lEhZ9YWGeQj2JBig==",
			"requires": {
				"@polymer/iron-behaviors": "^3.0.0-pre.26",
				"@polymer/iron-overlay-behavior": "^3.0.0-pre.27",
				"@polymer/neon-animation": "^3.0.0-pre.26",
				"@polymer/polymer": "^3.0.0"
			}
		},
		"@polymer/iron-fit-behavior": {
			"version": "3.0.1",
			"resolved": "https://registry.npmjs.org/@polymer/iron-fit-behavior/-/iron-fit-behavior-3.0.1.tgz",
			"integrity": "sha512-/M0B1L30k31vmwNBaGuZcxzUAhJSHoGccb/DF0CDKI/hT8UlkTvcyemaWdOpmHHLgY52ceKIkRwA3AeXrKyvaQ==",
			"requires": {
				"@polymer/polymer": "^3.0.0"
			}
		},
		"@polymer/iron-flex-layout": {
			"version": "3.0.1",
			"resolved": "https://registry.npmjs.org/@polymer/iron-flex-layout/-/iron-flex-layout-3.0.1.tgz",
			"integrity": "sha512-7gB869czArF+HZcPTVSgvA7tXYFze9EKckvM95NB7SqYF+NnsQyhoXgKnpFwGyo95lUjUW9TFDLUwDXnCYFtkw==",
			"requires": {
				"@polymer/polymer": "^3.0.0"
			}
		},
		"@polymer/iron-form-element-behavior": {
			"version": "3.0.1",
			"resolved": "https://registry.npmjs.org/@polymer/iron-form-element-behavior/-/iron-form-element-behavior-3.0.1.tgz",
			"integrity": "sha512-G/e2KXyL5AY7mMjmomHkGpgS0uAf4ovNpKhkuUTRnMuMJuf589bKqE85KN4ovE1Tzhv2hJoh/igyD6ekHiYU1A==",
			"requires": {
				"@polymer/polymer": "^3.0.0"
			}
		},
		"@polymer/iron-icon": {
			"version": "3.0.1",
			"resolved": "https://registry.npmjs.org/@polymer/iron-icon/-/iron-icon-3.0.1.tgz",
			"integrity": "sha512-QLPwirk+UPZNaLnMew9VludXA4CWUCenRewgEcGYwdzVgDPCDbXxy6vRJjmweZobMQv/oVLppT2JZtJFnPxX6g==",
			"requires": {
				"@polymer/iron-flex-layout": "^3.0.0-pre.26",
				"@polymer/iron-meta": "^3.0.0-pre.26",
				"@polymer/polymer": "^3.0.0"
			}
		},
		"@polymer/iron-icons": {
			"version": "3.0.1",
			"resolved": "https://registry.npmjs.org/@polymer/iron-icons/-/iron-icons-3.0.1.tgz",
			"integrity": "sha512-xtEI8erH2GIBiF3QxEMyW81XuVjguu6Le5WjEEpX67qd9z7jjmc4T/ke3zRUlnDydex9p8ytcwVpMIKcyvjYAQ==",
			"requires": {
				"@polymer/iron-icon": "^3.0.0-pre.26",
				"@polymer/iron-iconset-svg": "^3.0.0-pre.26",
				"@polymer/polymer": "^3.0.0"
			}
		},
		"@polymer/iron-iconset-svg": {
			"version": "3.0.1",
			"resolved": "https://registry.npmjs.org/@polymer/iron-iconset-svg/-/iron-iconset-svg-3.0.1.tgz",
			"integrity": "sha512-XNwURbNHRw6u2fJe05O5fMYye6GSgDlDqCO+q6K1zAnKIrpgZwf2vTkBd5uCcZwsN0FyCB3mvNZx4jkh85dRDw==",
			"requires": {
				"@polymer/iron-meta": "^3.0.0-pre.26",
				"@polymer/polymer": "^3.0.0"
			}
		},
		"@polymer/iron-image": {
			"version": "3.0.2",
			"resolved": "https://registry.npmjs.org/@polymer/iron-image/-/iron-image-3.0.2.tgz",
			"integrity": "sha512-VyYtnewGozDb5sUeoLR1OvKzlt5WAL6b8Od7fPpio5oYL+9t061/nTV8+ZMrpMgF2WgB0zqM/3K53o3pbK5v8Q==",
			"requires": {
				"@polymer/polymer": "^3.0.0"
			}
		},
		"@polymer/iron-input": {
			"version": "3.0.1",
			"resolved": "https://registry.npmjs.org/@polymer/iron-input/-/iron-input-3.0.1.tgz",
			"integrity": "sha512-WLx13kEcbH9GKbj9+pWR6pbJkA5kxn3796ynx6eQd2rueMyUfVTR3GzOvadBKsciUuIuzrxpBWZ2+3UcueVUQQ==",
			"requires": {
				"@polymer/iron-a11y-announcer": "^3.0.0-pre.26",
				"@polymer/iron-validatable-behavior": "^3.0.0-pre.26",
				"@polymer/polymer": "^3.0.0"
			}
		},
		"@polymer/iron-jsonp-library": {
			"version": "3.0.1",
			"resolved": "https://registry.npmjs.org/@polymer/iron-jsonp-library/-/iron-jsonp-library-3.0.1.tgz",
			"integrity": "sha512-JpIommURLt9DCqcaJaxsUiDWEaVWV2zoq12oJAMO65Do9Sl9TAv556bI7I4mLJcE40otPZ4wYap4kFViORMiKA==",
			"requires": {
				"@polymer/polymer": "^3.0.0"
			}
		},
		"@polymer/iron-label": {
			"version": "3.0.1",
			"resolved": "https://registry.npmjs.org/@polymer/iron-label/-/iron-label-3.0.1.tgz",
			"integrity": "sha512-MkIZ1WfOy10pnIxRwTVPfsoDZYlqMkUp0hmimMj0pGRHmrc9n5phuJUY1pC+S7WoKP1/98iH2qnXQukPGTzoVA==",
			"requires": {
				"@polymer/polymer": "^3.0.0"
			}
		},
		"@polymer/iron-list": {
			"version": "3.0.2",
			"resolved": "https://registry.npmjs.org/@polymer/iron-list/-/iron-list-3.0.2.tgz",
			"integrity": "sha512-A6GMTx/4mWxGn3BC6weaXqRC7B0coNjgEoxwVbEcDNwovqntv0aWs5sT9+PI4zvV/syWL5rAESyJDvOxTatoEw==",
			"requires": {
				"@polymer/iron-a11y-keys-behavior": "^3.0.0-pre.26",
				"@polymer/iron-resizable-behavior": "^3.0.0-pre.26",
				"@polymer/iron-scroll-target-behavior": "^3.0.0-pre.26",
				"@polymer/polymer": "^3.0.0"
			}
		},
		"@polymer/iron-localstorage": {
			"version": "3.0.1",
			"resolved": "https://registry.npmjs.org/@polymer/iron-localstorage/-/iron-localstorage-3.0.1.tgz",
			"integrity": "sha512-Aep+1SYQSHtDu9flQA/m6kfX+2LOjegohB89cp0/oAFYw6XvxO1IcZrTsEGQuYl/9xrrk1vbjsbZR9zSVe4IIg==",
			"requires": {
				"@polymer/polymer": "^3.0.0"
			}
		},
		"@polymer/iron-location": {
			"version": "3.0.2",
			"resolved": "https://registry.npmjs.org/@polymer/iron-location/-/iron-location-3.0.2.tgz",
			"integrity": "sha512-75XlPsrm6RQUPNzWWaA0TnTQaWZUYX8UB4Q6WCjikKWzmaSCCxlBrVVYf8WRqtCxw/PeCvLn5kGL6qhTlNTCEA==",
			"requires": {
				"@polymer/polymer": "^3.0.0"
			}
		},
		"@polymer/iron-media-query": {
			"version": "3.0.1",
			"resolved": "https://registry.npmjs.org/@polymer/iron-media-query/-/iron-media-query-3.0.1.tgz",
			"integrity": "sha512-czUX1pm1zfmfcZtq5J57XFkcobBv08Y50exp0/3v8Bos5VL/jv2tU0RwiTfDBxUMhjicGbgwEBFQPY2V5DMzyw==",
			"requires": {
				"@polymer/polymer": "^3.0.0"
			}
		},
		"@polymer/iron-menu-behavior": {
			"version": "3.0.2",
			"resolved": "https://registry.npmjs.org/@polymer/iron-menu-behavior/-/iron-menu-behavior-3.0.2.tgz",
			"integrity": "sha512-8dpASkFNBIkxAJWsFLWIO1M7tKM0+wKs3PqdeF/dDdBciwoaaFgC2K1XCZFZnbe2t9/nJgemXxVugGZAWpYCGg==",
			"requires": {
				"@polymer/iron-a11y-keys-behavior": "^3.0.0-pre.26",
				"@polymer/iron-flex-layout": "^3.0.0-pre.26",
				"@polymer/iron-selector": "^3.0.0-pre.26",
				"@polymer/polymer": "^3.0.0"
			}
		},
		"@polymer/iron-meta": {
			"version": "3.0.1",
			"resolved": "https://registry.npmjs.org/@polymer/iron-meta/-/iron-meta-3.0.1.tgz",
			"integrity": "sha512-pWguPugiLYmWFV9UWxLWzZ6gm4wBwQdDy4VULKwdHCqR7OP7u98h+XDdGZsSlDPv6qoryV/e3tGHlTIT0mbzJA==",
			"requires": {
				"@polymer/polymer": "^3.0.0"
			}
		},
		"@polymer/iron-overlay-behavior": {
			"version": "3.0.2",
			"resolved": "https://registry.npmjs.org/@polymer/iron-overlay-behavior/-/iron-overlay-behavior-3.0.2.tgz",
			"integrity": "sha512-j1qmt6mJHCwpe1mKOvqK5kcCUPQr5LSrlqpgRDbUuLgUfNJ/vGTipjrkBlfbEUagm5FEQdc1VLPLSQP6WVuP9g==",
			"requires": {
				"@polymer/iron-a11y-keys-behavior": "^3.0.0-pre.26",
				"@polymer/iron-fit-behavior": "^3.0.0-pre.26",
				"@polymer/iron-resizable-behavior": "^3.0.0-pre.26",
				"@polymer/polymer": "^3.0.0"
			}
		},
		"@polymer/iron-pages": {
			"version": "3.0.1",
			"resolved": "https://registry.npmjs.org/@polymer/iron-pages/-/iron-pages-3.0.1.tgz",
			"integrity": "sha512-PQe8S1JKHPcsIvFOaQP+9+AXmqUIL9fPqC6xT63OAZQxYCeZJDKgT9GKBx+VRryYBUlj2FLEXkUVpG+PTotdjg==",
			"requires": {
				"@polymer/iron-resizable-behavior": "^3.0.0-pre.26",
				"@polymer/iron-selector": "^3.0.0-pre.26",
				"@polymer/polymer": "^3.0.0"
			}
		},
		"@polymer/iron-range-behavior": {
			"version": "3.0.1",
			"resolved": "https://registry.npmjs.org/@polymer/iron-range-behavior/-/iron-range-behavior-3.0.1.tgz",
			"integrity": "sha512-+jtL9v45M/T1RJleWyQaNH84S9/mIIR+AjNbYIttbKGp1eG+98j8MDWe7LXNtg79V2LQnE/+VS82cBeELyGVeg==",
			"requires": {
				"@polymer/polymer": "^3.0.0"
			}
		},
		"@polymer/iron-resizable-behavior": {
			"version": "3.0.1",
			"resolved": "https://registry.npmjs.org/@polymer/iron-resizable-behavior/-/iron-resizable-behavior-3.0.1.tgz",
			"integrity": "sha512-FyHxRxFspVoRaeZSWpT3y0C9awomb4tXXolIJcZ7RvXhMP632V5lez+ch5G5SwK0LpnAPkg35eB0LPMFv+YMMQ==",
			"requires": {
				"@polymer/polymer": "^3.0.0"
			}
		},
		"@polymer/iron-scroll-target-behavior": {
			"version": "3.0.1",
			"resolved": "https://registry.npmjs.org/@polymer/iron-scroll-target-behavior/-/iron-scroll-target-behavior-3.0.1.tgz",
			"integrity": "sha512-xg1WanG25BIkQE8rhuReqY9zx1K5M7F+YAIYpswEp5eyDIaZ1Y3vUmVeQ3KG+hiSugzI1M752azXN7kvyhOBcQ==",
			"requires": {
				"@polymer/polymer": "^3.0.0"
			}
		},
		"@polymer/iron-scroll-threshold": {
			"version": "3.0.1",
			"resolved": "https://registry.npmjs.org/@polymer/iron-scroll-threshold/-/iron-scroll-threshold-3.0.1.tgz",
			"integrity": "sha512-Zm06AP1CDfa19b5yTvLRjBfDA85zMh4XunL2/Fz5n2faZcP5zr5tIBtXsAqz4ug9I3Uau7rjzkyL7Cc0ni8sUA==",
			"requires": {
				"@polymer/iron-scroll-target-behavior": "^3.0.0-pre.26",
				"@polymer/polymer": "^3.0.0"
			}
		},
		"@polymer/iron-selector": {
			"version": "3.0.1",
			"resolved": "https://registry.npmjs.org/@polymer/iron-selector/-/iron-selector-3.0.1.tgz",
			"integrity": "sha512-sBVk2uas6prW0glUe2xEJJYlvxmYzM40Au9OKbfDK2Qekou/fLKcBRyIYI39kuI8zWRaip8f3CI8qXcUHnKb1A==",
			"requires": {
				"@polymer/polymer": "^3.0.0"
			}
		},
		"@polymer/iron-validatable-behavior": {
			"version": "3.0.1",
			"resolved": "https://registry.npmjs.org/@polymer/iron-validatable-behavior/-/iron-validatable-behavior-3.0.1.tgz",
			"integrity": "sha512-wwpYh6wOa4fNI+jH5EYKC7TVPYQ2OfgQqocWat7GsNWcsblKYhLYbwsvEY5nO0n2xKqNfZzDLrUom5INJN7msQ==",
			"requires": {
				"@polymer/iron-meta": "^3.0.0-pre.26",
				"@polymer/polymer": "^3.0.0"
			}
		},
		"@polymer/marked-element": {
			"version": "3.0.1",
			"resolved": "https://registry.npmjs.org/@polymer/marked-element/-/marked-element-3.0.1.tgz",
			"integrity": "sha512-WJQzQetxdStVGQbyTBUBgd+hSI0Rl39uJg7b2zL3r6EfMnibzmA/YNT06M8jVZdxPF+B4SumrFWRtasVtGQRUQ==",
			"requires": {
				"@polymer/polymer": "^3.0.0",
				"marked": "~0.3.9"
			}
		},
		"@polymer/neon-animation": {
			"version": "3.0.1",
			"resolved": "https://registry.npmjs.org/@polymer/neon-animation/-/neon-animation-3.0.1.tgz",
			"integrity": "sha512-cDDc0llpVCe0ATbDS3clDthI54Bc8YwZIeTGGmBJleKOvbRTUC5+ssJmRL+VwVh+VM5FlnQlx760ppftY3uprg==",
			"requires": {
				"@polymer/iron-resizable-behavior": "^3.0.0-pre.26",
				"@polymer/iron-selector": "^3.0.0-pre.26",
				"@polymer/polymer": "^3.0.0"
			}
		},
		"@polymer/paper-badge": {
			"version": "3.1.0",
			"resolved": "https://registry.npmjs.org/@polymer/paper-badge/-/paper-badge-3.1.0.tgz",
			"integrity": "sha512-5SH5Xw9ji16BjIZT2wY7oVgWX01fDyzm/nGnDi55iujPGsfaPV1itze7c9/3wlmgI+b28KBApUY9hW8f0h2V6g==",
			"requires": {
				"@polymer/iron-flex-layout": "^3.0.0-pre.26",
				"@polymer/iron-icon": "^3.0.0-pre.26",
				"@polymer/iron-resizable-behavior": "^3.0.0-pre.26",
				"@polymer/paper-styles": "^3.0.0-pre.26",
				"@polymer/polymer": "^3.0.0"
			}
		},
		"@polymer/paper-behaviors": {
			"version": "3.0.1",
			"resolved": "https://registry.npmjs.org/@polymer/paper-behaviors/-/paper-behaviors-3.0.1.tgz",
			"integrity": "sha512-6knhj69fPJejv8qR0kCSUY+Q0XjaUf0OSnkjRjmTJPAwSrRYtgqE+l6P1FfA+py1X/cUjgne9EF5rMZAKJIg1g==",
			"requires": {
				"@polymer/iron-behaviors": "^3.0.0-pre.26",
				"@polymer/iron-checked-element-behavior": "^3.0.0-pre.26",
				"@polymer/paper-ripple": "^3.0.0-pre.26",
				"@polymer/polymer": "^3.0.0"
			}
		},
		"@polymer/paper-button": {
			"version": "3.0.1",
			"resolved": "https://registry.npmjs.org/@polymer/paper-button/-/paper-button-3.0.1.tgz",
			"integrity": "sha512-JRNBc+Oj9EWnmyLr7FcCr8T1KAnEHPh6mosln9BUdkM+qYaYsudSICh3cjTIbnj6AuF5OJidoLkM1dlyj0j6Zg==",
			"requires": {
				"@polymer/iron-flex-layout": "^3.0.0-pre.26",
				"@polymer/paper-behaviors": "^3.0.0-pre.27",
				"@polymer/paper-styles": "^3.0.0-pre.26",
				"@polymer/polymer": "^3.0.0"
			}
		},
		"@polymer/paper-card": {
			"version": "3.0.1",
			"resolved": "https://registry.npmjs.org/@polymer/paper-card/-/paper-card-3.0.1.tgz",
			"integrity": "sha512-ZYzfA4kzP9niRO22wSOBL2RS+URZNUP5XmUCwN91fYPIGO0Qbimh7d1O2HpJD4cRCZhvGYn2CJMDMVmDm35vIg==",
			"requires": {
				"@polymer/iron-flex-layout": "^3.0.0-pre.26",
				"@polymer/iron-image": "^3.0.0-pre.26",
				"@polymer/paper-styles": "^3.0.0-pre.26",
				"@polymer/polymer": "^3.0.0"
			}
		},
		"@polymer/paper-checkbox": {
			"version": "3.1.0",
			"resolved": "https://registry.npmjs.org/@polymer/paper-checkbox/-/paper-checkbox-3.1.0.tgz",
			"integrity": "sha512-kXm6yDG1tT8if0XuJ2cc9NF+g8Ev4wG+rnf0a+Sx+O7J6fn1jcnBlYn72FlrfjVjDQZDBFmT6nynhD5PvFw8iQ==",
			"requires": {
				"@polymer/iron-a11y-keys-behavior": "^3.0.0-pre.26",
				"@polymer/iron-checked-element-behavior": "^3.0.0-pre.26",
				"@polymer/paper-behaviors": "^3.0.0-pre.27",
				"@polymer/paper-ripple": "^3.0.0-pre.26",
				"@polymer/paper-styles": "^3.0.0-pre.26",
				"@polymer/polymer": "^3.0.0"
			}
		},
		"@polymer/paper-dialog": {
			"version": "3.0.1",
			"resolved": "https://registry.npmjs.org/@polymer/paper-dialog/-/paper-dialog-3.0.1.tgz",
			"integrity": "sha512-KvglYbEq7AWJvui2j6WKLnOvgVMeGjovAydGrPRj7kVzCiD49Eq/hpYFJTRV5iDcalWH+mORUpw+jrFnG9+Kgw==",
			"requires": {
				"@polymer/iron-overlay-behavior": "^3.0.0-pre.27",
				"@polymer/neon-animation": "^3.0.0-pre.26",
				"@polymer/paper-dialog-behavior": "^3.0.0-pre.26",
				"@polymer/polymer": "^3.0.0"
			}
		},
		"@polymer/paper-dialog-behavior": {
			"version": "3.0.1",
			"resolved": "https://registry.npmjs.org/@polymer/paper-dialog-behavior/-/paper-dialog-behavior-3.0.1.tgz",
			"integrity": "sha512-wbI4kCK8le/9MHT+IXzvHjoatxf3kd3Yn0tgozAiAwfSZ7N4Ubpi5MHrK0m9S9PeIxKokAgBYdTUrezSE5378A==",
			"requires": {
				"@polymer/iron-overlay-behavior": "^3.0.0-pre.27",
				"@polymer/paper-styles": "^3.0.0-pre.26",
				"@polymer/polymer": "^3.0.0"
			}
		},
		"@polymer/paper-dialog-scrollable": {
			"version": "3.0.1",
			"resolved": "https://registry.npmjs.org/@polymer/paper-dialog-scrollable/-/paper-dialog-scrollable-3.0.1.tgz",
			"integrity": "sha512-1E8B9kNdL58jUrJ/BwqJeOoNVcxNrB559z//d1V0rVHWT5bWCCZegwS3G06iFK5MjxWFbIKzleVTLrT0opiZkA==",
			"requires": {
				"@polymer/iron-flex-layout": "^3.0.0-pre.26",
				"@polymer/paper-dialog-behavior": "^3.0.0-pre.26",
				"@polymer/paper-styles": "^3.0.0-pre.26",
				"@polymer/polymer": "^3.0.0"
			}
		},
		"@polymer/paper-drawer-panel": {
			"version": "3.0.2",
			"resolved": "https://registry.npmjs.org/@polymer/paper-drawer-panel/-/paper-drawer-panel-3.0.2.tgz",
			"integrity": "sha512-3hoGbPGh6OXkDnC33kXDMHFW9+pV7CXb3wFFvvu+JPkFGGRq6Es464qHOdiBHL+H76sQ/+NcgpvTMUO4a/k3XA==",
			"requires": {
				"@polymer/iron-media-query": "^3.0.0-pre.26",
				"@polymer/iron-resizable-behavior": "^3.0.0-pre.26",
				"@polymer/iron-selector": "^3.0.0-pre.26",
				"@polymer/polymer": "^3.0.0"
			}
		},
		"@polymer/paper-dropdown-menu": {
			"version": "3.0.1",
			"resolved": "https://registry.npmjs.org/@polymer/paper-dropdown-menu/-/paper-dropdown-menu-3.0.1.tgz",
			"integrity": "sha512-GBFzoP8SC+MTcLgKAflmGEvfjboCFVNkJd39fBEoNHAV3KU92ugmR4sl9iFaIaaGuxJ7QdjsLa2zQPlcS4lr6Q==",
			"requires": {
				"@polymer/iron-a11y-keys-behavior": "^3.0.0-pre.26",
				"@polymer/iron-form-element-behavior": "^3.0.0-pre.26",
				"@polymer/iron-icon": "^3.0.0-pre.26",
				"@polymer/iron-iconset-svg": "^3.0.0-pre.26",
				"@polymer/iron-validatable-behavior": "^3.0.0-pre.26",
				"@polymer/paper-behaviors": "^3.0.0-pre.27",
				"@polymer/paper-input": "^3.0.0-pre.26",
				"@polymer/paper-menu-button": "^3.0.0-pre.26",
				"@polymer/paper-ripple": "^3.0.0-pre.26",
				"@polymer/paper-styles": "^3.0.0-pre.26",
				"@polymer/polymer": "^3.0.0"
			}
		},
		"@polymer/paper-fab": {
			"version": "3.0.1",
			"resolved": "https://registry.npmjs.org/@polymer/paper-fab/-/paper-fab-3.0.1.tgz",
			"integrity": "sha512-LO8ckgd72MnAtC1WiPd5CFR27WC/dEuY/lOIQuHYdEjwI62+iiV7Bmr7uoQ9wvvV71qMFdMIOyq/03KklsuAzw==",
			"requires": {
				"@polymer/iron-flex-layout": "^3.0.0-pre.26",
				"@polymer/iron-icon": "^3.0.0-pre.26",
				"@polymer/paper-behaviors": "^3.0.0-pre.27",
				"@polymer/paper-styles": "^3.0.0-pre.26",
				"@polymer/polymer": "^3.0.0"
			}
		},
		"@polymer/paper-header-panel": {
			"version": "3.0.1",
			"resolved": "https://registry.npmjs.org/@polymer/paper-header-panel/-/paper-header-panel-3.0.1.tgz",
			"integrity": "sha512-aaugJS3Dt+J467GM7B2Ea3GVSusMoXvwZKfA/0ZbMmG6wjZwkc4wnP8fDZjm5BZDD9CyI+PFo7aWa4K0WMF9mQ==",
			"requires": {
				"@polymer/iron-flex-layout": "^3.0.0-pre.26",
				"@polymer/polymer": "^3.0.0"
			}
		},
		"@polymer/paper-icon-button": {
			"version": "3.0.2",
			"resolved": "https://registry.npmjs.org/@polymer/paper-icon-button/-/paper-icon-button-3.0.2.tgz",
			"integrity": "sha512-kOdxQgnKL097bggFF6PWvsBYuWg+MCcoHoTHX6bh/MuZoWFZNjrFntFqwuB4oEbpjCpfm4moA33muPJFj7CihQ==",
			"requires": {
				"@polymer/iron-icon": "^3.0.0-pre.26",
				"@polymer/paper-behaviors": "^3.0.0-pre.27",
				"@polymer/paper-styles": "^3.0.0-pre.26",
				"@polymer/polymer": "^3.0.0"
			}
		},
		"@polymer/paper-input": {
			"version": "3.0.2",
			"resolved": "https://registry.npmjs.org/@polymer/paper-input/-/paper-input-3.0.2.tgz",
			"integrity": "sha512-EoyJLsUCo7zLQp63jG7+qbRcN7ynT0p9MktDeH+dnl29UqFD4Ovj2/O5cSgq3lA3dYrei4vHF11Qmdmk7iab7Q==",
			"requires": {
				"@polymer/iron-a11y-keys-behavior": "^3.0.0-pre.26",
				"@polymer/iron-autogrow-textarea": "^3.0.0-pre.26",
				"@polymer/iron-behaviors": "^3.0.0-pre.26",
				"@polymer/iron-form-element-behavior": "^3.0.0-pre.26",
				"@polymer/iron-input": "^3.0.0-pre.26",
				"@polymer/paper-styles": "^3.0.0-pre.26",
				"@polymer/polymer": "^3.0.0"
			}
		},
		"@polymer/paper-item": {
			"version": "3.0.1",
			"resolved": "https://registry.npmjs.org/@polymer/paper-item/-/paper-item-3.0.1.tgz",
			"integrity": "sha512-KTk2N+GsYiI/HuubL3sxebZ6tteQbBOAp4QVLAnbjSPmwl+mJSDWk+omuadesU0bpkCwaWVs3fHuQsmXxy4pkw==",
			"requires": {
				"@polymer/iron-behaviors": "^3.0.0-pre.26",
				"@polymer/iron-flex-layout": "^3.0.0-pre.26",
				"@polymer/paper-styles": "^3.0.0-pre.26",
				"@polymer/polymer": "^3.0.0"
			}
		},
		"@polymer/paper-listbox": {
			"version": "3.0.1",
			"resolved": "https://registry.npmjs.org/@polymer/paper-listbox/-/paper-listbox-3.0.1.tgz",
			"integrity": "sha512-vMLWFpYcggAPmEDBmK+96fFefacOG3GLB1EguTn8+ZkqI+328hNfw1MzHjH68rgCIIUtjmm+9qgB1Sy/MN0a/A==",
			"requires": {
				"@polymer/iron-behaviors": "^3.0.0-pre.26",
				"@polymer/iron-menu-behavior": "^3.0.0-pre.26",
				"@polymer/paper-styles": "^3.0.0-pre.26",
				"@polymer/polymer": "^3.0.0"
			}
		},
		"@polymer/paper-material": {
			"version": "3.0.1",
			"resolved": "https://registry.npmjs.org/@polymer/paper-material/-/paper-material-3.0.1.tgz",
			"integrity": "sha512-FUa3iqEcwjYtUzMqIh9cEfdTJE8ZtRasAzxVbck5GChthA/T2HwnhjAyqzN4lusVMyafdl3rjNEwhVPK/Pmykg==",
			"requires": {
				"@polymer/paper-styles": "^3.0.0-pre.26",
				"@polymer/polymer": "^3.0.0"
			}
		},
		"@polymer/paper-menu-button": {
			"version": "3.0.1",
			"resolved": "https://registry.npmjs.org/@polymer/paper-menu-button/-/paper-menu-button-3.0.1.tgz",
			"integrity": "sha512-Rxte2Fp7N2BMI2FMM7tB25IkvD11DhjMklcg97JP1jnlHbJNrXPh5SSX2bdtabz49UE8vejIsrxZ+AGsB5nqIQ==",
			"requires": {
				"@polymer/iron-a11y-keys-behavior": "^3.0.0-pre.26",
				"@polymer/iron-behaviors": "^3.0.0-pre.26",
				"@polymer/iron-dropdown": "^3.0.0-pre.26",
				"@polymer/iron-fit-behavior": "^3.0.0-pre.26",
				"@polymer/neon-animation": "^3.0.0-pre.26",
				"@polymer/paper-styles": "^3.0.0-pre.26",
				"@polymer/polymer": "^3.0.0"
			}
		},
		"@polymer/paper-progress": {
			"version": "3.0.1",
			"resolved": "https://registry.npmjs.org/@polymer/paper-progress/-/paper-progress-3.0.1.tgz",
			"integrity": "sha512-5nguG+tmnyoaWKVNG8Smtno2uLSPBgEsT3f20JY8yJTjUBYWaqa8E3l5RLkTRXgA4x9OnvLb8/CdlQWXQIogBg==",
			"requires": {
				"@polymer/iron-flex-layout": "^3.0.0-pre.26",
				"@polymer/iron-range-behavior": "^3.0.0-pre.26",
				"@polymer/paper-styles": "^3.0.0-pre.26",
				"@polymer/polymer": "^3.0.0"
			}
		},
		"@polymer/paper-radio-button": {
			"version": "3.0.1",
			"resolved": "https://registry.npmjs.org/@polymer/paper-radio-button/-/paper-radio-button-3.0.1.tgz",
			"integrity": "sha512-ltCdgolOrmTeG3IxHhfMgxRc9AloNpoIwRMInrTI5Nzva4yOzSpP01bfpEwBpTl11o0NYxqfYYCxCjLQGRq9ng==",
			"requires": {
				"@polymer/iron-checked-element-behavior": "^3.0.0-pre.26",
				"@polymer/iron-flex-layout": "^3.0.0-pre.26",
				"@polymer/paper-behaviors": "^3.0.0-pre.27",
				"@polymer/paper-styles": "^3.0.0-pre.26",
				"@polymer/polymer": "^3.0.0"
			}
		},
		"@polymer/paper-radio-group": {
			"version": "3.0.1",
			"resolved": "https://registry.npmjs.org/@polymer/paper-radio-group/-/paper-radio-group-3.0.1.tgz",
			"integrity": "sha512-VYUWj6Y7/1sJncbtKJ4+aKJ0U98cLPXWu6mTgMREoA2jOKrb41JxtnKNrKMjs+lBHCZj4wvtmHwzeS//HFULfA==",
			"requires": {
				"@polymer/iron-a11y-keys-behavior": "^3.0.0-pre.26",
				"@polymer/iron-menu-behavior": "^3.0.0-pre.26",
				"@polymer/paper-radio-button": "^3.0.0-pre.26",
				"@polymer/polymer": "^3.0.0"
			}
		},
		"@polymer/paper-ripple": {
			"version": "3.0.1",
			"resolved": "https://registry.npmjs.org/@polymer/paper-ripple/-/paper-ripple-3.0.1.tgz",
			"integrity": "sha512-dgOe12GyCF1VZBLUQqnzGWlf3xb255FajNCVB1VFj/AtskYtoamnafa7m3a+1vs+C8qbg4Benn5KwgxVDSW4cg==",
			"requires": {
				"@polymer/iron-a11y-keys-behavior": "^3.0.0-pre.26",
				"@polymer/polymer": "^3.0.0"
			}
		},
		"@polymer/paper-slider": {
			"version": "3.0.1",
			"resolved": "https://registry.npmjs.org/@polymer/paper-slider/-/paper-slider-3.0.1.tgz",
			"integrity": "sha512-TNA8nEQci1fe3vTQQaFwkPj9p9yTLSr9Mhe8xQSTHpFNKun1rsp91LlKJmiKJDO7xU9RGZmA2mRlQwaj6kgR3g==",
			"requires": {
				"@polymer/iron-a11y-keys-behavior": "^3.0.0-pre.26",
				"@polymer/iron-behaviors": "^3.0.0-pre.26",
				"@polymer/iron-flex-layout": "^3.0.0-pre.26",
				"@polymer/iron-form-element-behavior": "^3.0.0-pre.26",
				"@polymer/paper-behaviors": "^3.0.0-pre.27",
				"@polymer/paper-input": "^3.0.0-pre.26",
				"@polymer/paper-progress": "^3.0.0-pre.26",
				"@polymer/paper-styles": "^3.0.0-pre.26",
				"@polymer/polymer": "^3.0.0"
			}
		},
		"@polymer/paper-spinner": {
			"version": "3.0.2",
			"resolved": "https://registry.npmjs.org/@polymer/paper-spinner/-/paper-spinner-3.0.2.tgz",
			"integrity": "sha512-XUzu8/4NH+pnNZUTI2MxtOKFAr0EOsW7eGhTg3VBhTh7DDW/q3ewzwYRWnqNJokX9BEnxKMiXXaIeTEBq4k2dw==",
			"requires": {
				"@polymer/paper-styles": "^3.0.0-pre.26",
				"@polymer/polymer": "^3.0.0"
			}
		},
		"@polymer/paper-styles": {
			"version": "3.0.1",
			"resolved": "https://registry.npmjs.org/@polymer/paper-styles/-/paper-styles-3.0.1.tgz",
			"integrity": "sha512-y6hmObLqlCx602TQiSBKHqjwkE7xmDiFkoxdYGaNjtv4xcysOTdVJsDR/R9UHwIaxJ7gHlthMSykir1nv78++g==",
			"requires": {
				"@polymer/font-roboto": "^3.0.1",
				"@polymer/iron-flex-layout": "^3.0.0-pre.26",
				"@polymer/polymer": "^3.0.0"
			}
		},
		"@polymer/paper-tabs": {
			"version": "3.1.0",
			"resolved": "https://registry.npmjs.org/@polymer/paper-tabs/-/paper-tabs-3.1.0.tgz",
			"integrity": "sha512-t8G+3CiyI0R+wA077UNQXR/oG9GlsqRRO1KMsFHHjBSsYqWXghNsqxUG827wEj+PafI5u9tZ3vVt1S++Lg4B2g==",
			"requires": {
				"@polymer/iron-behaviors": "^3.0.0-pre.26",
				"@polymer/iron-flex-layout": "^3.0.0-pre.26",
				"@polymer/iron-icon": "^3.0.0-pre.26",
				"@polymer/iron-iconset-svg": "^3.0.0-pre.26",
				"@polymer/iron-menu-behavior": "^3.0.0-pre.26",
				"@polymer/iron-resizable-behavior": "^3.0.0-pre.26",
				"@polymer/paper-behaviors": "^3.0.0-pre.27",
				"@polymer/paper-icon-button": "^3.0.0-pre.26",
				"@polymer/paper-styles": "^3.0.0-pre.26",
				"@polymer/polymer": "^3.0.0"
			}
		},
		"@polymer/paper-toast": {
			"version": "3.0.1",
			"resolved": "https://registry.npmjs.org/@polymer/paper-toast/-/paper-toast-3.0.1.tgz",
			"integrity": "sha512-pizuogzObniDdICUc6dSLrnDt2VzzoRne1gCmbD6sfOATVv5tc8UfrqhA2iHngbNBEbniBiciS3iogdp5KTVUQ==",
			"requires": {
				"@polymer/iron-a11y-announcer": "^3.0.0-pre.26",
				"@polymer/iron-fit-behavior": "^3.0.0-pre.26",
				"@polymer/iron-overlay-behavior": "^3.0.0-pre.27",
				"@polymer/polymer": "^3.0.0"
			}
		},
		"@polymer/paper-toggle-button": {
			"version": "3.0.1",
			"resolved": "https://registry.npmjs.org/@polymer/paper-toggle-button/-/paper-toggle-button-3.0.1.tgz",
			"integrity": "sha512-jadZB60fycT7YnSAH0H23LYo6/2HYmMZTtNr9LpdSIRFPLX6mqqxewex92cFz019bMKaRJgORn308hRlJo2u6A==",
			"requires": {
				"@polymer/iron-checked-element-behavior": "^3.0.0-pre.26",
				"@polymer/paper-behaviors": "^3.0.0-pre.27",
				"@polymer/paper-styles": "^3.0.0-pre.26",
				"@polymer/polymer": "^3.0.0"
			}
		},
		"@polymer/paper-toolbar": {
			"version": "3.0.1",
			"resolved": "https://registry.npmjs.org/@polymer/paper-toolbar/-/paper-toolbar-3.0.1.tgz",
			"integrity": "sha512-tEdHRorVmnN3kvJg3xxRPnEiEBdGmGwcDNbIcYuXxoRDF0nAB74SW5+He8OlFT1Lw2Hz/xlvMn+wHuqxIJeyQw==",
			"requires": {
				"@polymer/iron-flex-layout": "^3.0.0-pre.26",
				"@polymer/paper-styles": "^3.0.0-pre.26",
				"@polymer/polymer": "^3.0.0"
			}
		},
		"@polymer/paper-tooltip": {
			"version": "3.0.1",
			"resolved": "https://registry.npmjs.org/@polymer/paper-tooltip/-/paper-tooltip-3.0.1.tgz",
			"integrity": "sha512-yiUk09opTEnE1lK+tb501ENb+yQBi4p++Ep0eGJAHesVYKVMPNgPphVKkIizkDaU+n0SE+zXfTsRbYyOMDYXSg==",
			"requires": {
				"@polymer/paper-styles": "^3.0.0-pre.26",
				"@polymer/polymer": "^3.0.0"
			}
		},
		"@polymer/polymer": {
			"version": "3.3.0",
			"resolved": "https://registry.npmjs.org/@polymer/polymer/-/polymer-3.3.0.tgz",
			"integrity": "sha512-rij7suomS7DxdBamnwr/Xa0V5hpypf7I9oYKseF2FWz5Xh2a3wJNpVjgJy1adXVCxqIyPhghsrthnfCt7EblsQ==",
			"requires": {
				"@webcomponents/shadycss": "^1.9.1"
			}
		},
		"@polymer/prism-element": {
			"version": "3.0.1",
			"resolved": "https://registry.npmjs.org/@polymer/prism-element/-/prism-element-3.0.1.tgz",
			"integrity": "sha512-mam3oZZwVoxmC8i2srCxaTsvCqZF2HX4yxbm1JN9OGZS2JMwu7bnjjk7O8haoj9u6w+ocUi+vTLjYeIIoPx7vQ==",
			"requires": {
				"@polymer/polymer": "^3.0.0",
				"prismjs": "^1.11.0"
			}
		},
		"@webcomponents/shadycss": {
			"version": "1.9.1",
			"resolved": "https://registry.npmjs.org/@webcomponents/shadycss/-/shadycss-1.9.1.tgz",
			"integrity": "sha512-IaZOnWOKXHghqk/WfPNDRIgDBi3RsVPY2IFAw6tYiL9UBGvQRy5R6uC+Fk7qTZsReTJ0xh5MTT8yAcb3MUR4mQ=="
		},
		"@webcomponents/webcomponentsjs": {
			"version": "2.2.10",
			"resolved": "https://registry.npmjs.org/@webcomponents/webcomponentsjs/-/webcomponentsjs-2.2.10.tgz",
			"integrity": "sha512-5dzhUhP+h0qMiK0IWb7VNb0OGBoXO3AuI6Qi8t9PoKT50s5L1jv0xnwnLq+cFgPuTB8FLTNP8xIDmyoOsKBy9Q=="
		},
		"clipboard": {
			"version": "2.0.1",
			"resolved": "https://registry.npmjs.org/clipboard/-/clipboard-2.0.1.tgz",
			"integrity": "sha512-7yhQBmtN+uYZmfRjjVjKa0dZdWuabzpSKGtyQZN+9C8xlC788SSJjOHWh7tzurfwTqTD5UDYAhIv5fRJg3sHjQ==",
			"optional": true,
			"requires": {
				"good-listener": "^1.2.2",
				"select": "^1.1.2",
				"tiny-emitter": "^2.0.0"
			}
		},
		"core-js": {
			"version": "2.6.10",
			"resolved": "https://registry.npmjs.org/core-js/-/core-js-2.6.10.tgz",
			"integrity": "sha512-I39t74+4t+zau64EN1fE5v2W31Adtc/REhzWN+gWRRXg6WH5qAsZm62DHpQ1+Yhe4047T55jvzz7MUqF/dBBlA=="
		},
		"delegate": {
			"version": "3.2.0",
			"resolved": "https://registry.npmjs.org/delegate/-/delegate-3.2.0.tgz",
			"integrity": "sha512-IofjkYBZaZivn0V8nnsMJGBr4jVLxHDheKSW88PyxS5QC4Vo9ZbZVvhzlSxY87fVq3STR6r+4cGepyHkcWOQSw==",
			"optional": true
		},
		"good-listener": {
			"version": "1.2.2",
			"resolved": "https://registry.npmjs.org/good-listener/-/good-listener-1.2.2.tgz",
			"integrity": "sha1-1TswzfkxPf+33JoNR3CWqm0UXFA=",
			"optional": true,
			"requires": {
				"delegate": "^3.1.2"
			}
		},
		"interactjs": {
			"version": "1.4.11",
			"resolved": "https://registry.npmjs.org/interactjs/-/interactjs-1.4.11.tgz",
			"integrity": "sha512-NKa6PB7MoHrN0MGbDeNst4LwiHrEix7M6mcxXaHPFSaPalz0XYA5O8ucxKxw8660eSILgM+DuDMdp/ny1iWgRA==",
			"requires": {
				"@interactjs/types": "1.4.11"
			}
		},
		"jstimezonedetect": {
			"version": "1.0.6",
			"resolved": "https://registry.npmjs.org/jstimezonedetect/-/jstimezonedetect-1.0.6.tgz",
			"integrity": "sha1-YNMfus2/V69xsGSIfuBA8Vla21I="
		},
		"marked": {
			"version": "0.3.19",
			"resolved": "https://registry.npmjs.org/marked/-/marked-0.3.19.tgz",
			"integrity": "sha512-ea2eGWOqNxPcXv8dyERdSr/6FmzvWwzjMxpfGB/sbMccXoct+xY+YukPD+QTUZwyvK7BZwcr4m21WBOW41pAkg=="
		},
		"moment": {
			"version": "2.22.2",
			"resolved": "https://registry.npmjs.org/moment/-/moment-2.22.2.tgz",
			"integrity": "sha1-PCV/mDn8DpP/UxSWMiOeuQeD/2Y="
		},
		"moment-jdateformatparser": {
			"version": "1.1.0",
			"resolved": "https://registry.npmjs.org/moment-jdateformatparser/-/moment-jdateformatparser-1.1.0.tgz",
			"integrity": "sha1-TGuuM+IJDONS05uHfpsxcJkoscc=",
			"requires": {
				"moment": ">=1.5.0"
			}
		},
		"moment-timezone": {
			"version": "0.5.25",
			"resolved": "https://registry.npmjs.org/moment-timezone/-/moment-timezone-0.5.25.tgz",
			"integrity": "sha512-DgEaTyN/z0HFaVcVbSyVCUU6HeFdnNC3vE4c9cgu2dgMTvjBUBdBzWfasTBmAW45u5OIMeCJtU8yNjM22DHucw==",
			"requires": {
				"moment": ">= 2.9.0"
			}
		},
		"number-formatter": {
			"version": "1.2.0",
			"resolved": "https://registry.npmjs.org/number-formatter/-/number-formatter-1.2.0.tgz",
			"integrity": "sha1-HPmfNx/uYnvp9fEv2seeyzG4ig8="
		},
		"prismjs": {
			"version": "1.15.0",
			"resolved": "https://registry.npmjs.org/prismjs/-/prismjs-1.15.0.tgz",
			"integrity": "sha512-Lf2JrFYx8FanHrjoV5oL8YHCclLQgbJcVZR+gikGGMqz6ub5QVWDTM6YIwm3BuPxM/LOV+rKns3LssXNLIf+DA==",
			"requires": {
				"clipboard": "^2.0.0"
			}
		},
		"regenerator-runtime": {
			"version": "0.13.3",
			"resolved": "https://registry.npmjs.org/regenerator-runtime/-/regenerator-runtime-0.13.3.tgz",
			"integrity": "sha512-naKIZz2GQ8JWh///G7L3X6LaQUAMp2lvb1rvwwsURe/VXwD6VMfr+/1NuNw3ag8v2kY1aQ/go5SNn79O9JU7yw=="
		},
		"select": {
			"version": "1.1.2",
			"resolved": "https://registry.npmjs.org/select/-/select-1.1.2.tgz",
			"integrity": "sha1-DnNQrN7ICxEIUoeG7B1EGNEbOW0=",
			"optional": true
		},
		"tiny-emitter": {
			"version": "2.0.2",
			"resolved": "https://registry.npmjs.org/tiny-emitter/-/tiny-emitter-2.0.2.tgz",
			"integrity": "sha512-2NM0auVBGft5tee/OxP4PI3d8WItkDM+fPnaRAVo6xTDI2knbz9eC5ArWGqtGlYqiH3RU5yMpdyTTO7MguC4ow==",
			"optional": true
		},
		"web-animations-js": {
			"version": "2.3.2",
			"resolved": "https://registry.npmjs.org/web-animations-js/-/web-animations-js-2.3.2.tgz",
			"integrity": "sha512-TOMFWtQdxzjWp8qx4DAraTWTsdhxVSiWa6NkPFSaPtZ1diKUxTn4yTix73A1euG1WbSOMMPcY51cnjTIHrGtDA=="
		}
	}
}
